<Project xmlns="http://schemas.microsoft.com/developer/msbuild/2003">
    <PropertyGroup>
        <ProjectGuid>{4FE01E96-3C98-48D5-9EB0-8BE9ACD8621B}</ProjectGuid>
        <MainSource>GCSD.dpr</MainSource>
        <Base>True</Base>
        <Config Condition="'$(Config)'==''">Debug</Config>
        <TargetedPlatforms>17</TargetedPlatforms>
        <AppType>Application</AppType>
        <FrameworkType>VCL</FrameworkType>
        <ProjectVersion>18.2</ProjectVersion>
        <Platform Condition="'$(Platform)'==''">Win32</Platform>
    </PropertyGroup>
    <PropertyGroup Condition="'$(Config)'=='Base' or '$(Base)'!=''">
        <Base>true</Base>
    </PropertyGroup>
    <PropertyGroup Condition="('$(Platform)'=='Android' and '$(Base)'=='true') or '$(Base_Android)'!=''">
        <Base_Android>true</Base_Android>
        <CfgParent>Base</CfgParent>
        <Base>true</Base>
    </PropertyGroup>
    <PropertyGroup Condition="('$(Platform)'=='Win32' and '$(Base)'=='true') or '$(Base_Win32)'!=''">
        <Base_Win32>true</Base_Win32>
        <CfgParent>Base</CfgParent>
        <Base>true</Base>
    </PropertyGroup>
    <PropertyGroup Condition="('$(Platform)'=='Win64' and '$(Base)'=='true') or '$(Base_Win64)'!=''">
        <Base_Win64>true</Base_Win64>
        <CfgParent>Base</CfgParent>
        <Base>true</Base>
    </PropertyGroup>
    <PropertyGroup Condition="'$(Config)'=='Release' or '$(Cfg_1)'!=''">
        <Cfg_1>true</Cfg_1>
        <CfgParent>Base</CfgParent>
        <Base>true</Base>
    </PropertyGroup>
    <PropertyGroup Condition="'$(Config)'=='Debug' or '$(Cfg_2)'!=''">
        <Cfg_2>true</Cfg_2>
        <CfgParent>Base</CfgParent>
        <Base>true</Base>
    </PropertyGroup>
    <PropertyGroup Condition="('$(Platform)'=='Android' and '$(Cfg_2)'=='true') or '$(Cfg_2_Android)'!=''">
        <Cfg_2_Android>true</Cfg_2_Android>
        <CfgParent>Cfg_2</CfgParent>
        <Cfg_2>true</Cfg_2>
        <Base>true</Base>
    </PropertyGroup>
    <PropertyGroup Condition="('$(Platform)'=='Win32' and '$(Cfg_2)'=='true') or '$(Cfg_2_Win32)'!=''">
        <Cfg_2_Win32>true</Cfg_2_Win32>
        <CfgParent>Cfg_2</CfgParent>
        <Cfg_2>true</Cfg_2>
        <Base>true</Base>
    </PropertyGroup>
    <PropertyGroup Condition="'$(Base)'!=''">
        <SanitizedProjectName>GCSD</SanitizedProjectName>
        <DCC_E>false</DCC_E>
        <DCC_F>false</DCC_F>
        <VerInfo_Locale>1033</VerInfo_Locale>
        <DCC_ImageBase>00400000</DCC_ImageBase>
        <DCC_Namespace>Vcl;Vcl.Imaging;Vcl.Touch;Vcl.Samples;Vcl.Shell;System;Xml;Data;Datasnap;Web;Soap;Winapi;Data.Win;System.Win;VclTee;$(DCC_Namespace)</DCC_Namespace>
        <VerInfo_Keys>CompanyName=;FileDescription=;FileVersion=1.0.0.0;InternalName=;LegalCopyright=;LegalTrademarks=;OriginalFilename=;ProductName=;ProductVersion=1.0.0.0;Comments=;CFBundleName=;CFBundleDisplayName=;UIDeviceFamily=;CFBundleIdentifier=;CFBundleVersion=;CFBundlePackageType=;CFBundleSignature=;CFBundleAllowMixedLocalizations=;UISupportedInterfaceOrientations=;CFBundleExecutable=;CFBundleResourceSpecification=;LSRequiresIPhoneOS=;CFBundleInfoDictionaryVersion=;CFBundleDevelopmentRegion=;package=;label=;versionCode=;versionName=;persistent=;restoreAnyVersion=;installLocation=;largeHeap=;theme=</VerInfo_Keys>
        <DCC_S>false</DCC_S>
        <DCC_N>false</DCC_N>
        <DCC_DebugInformation>true</DCC_DebugInformation>
        <DCC_K>false</DCC_K>
    </PropertyGroup>
    <PropertyGroup Condition="'$(Base_Android)'!=''">
        <EnabledSysJars>android-support-v4.dex.jar;cloud-messaging.dex.jar;fmx.dex.jar;google-analytics-v2.dex.jar;google-play-billing.dex.jar;google-play-licensing.dex.jar;google-play-services.dex.jar</EnabledSysJars>
    </PropertyGroup>
    <PropertyGroup Condition="'$(Base_Win32)'!=''">
        <UWP_DelphiLogo44>$(BDS)\bin\Artwork\Windows\UWP\delphi_UwpDefault_44.png</UWP_DelphiLogo44>
        <UWP_DelphiLogo150>$(BDS)\bin\Artwork\Windows\UWP\delphi_UwpDefault_150.png</UWP_DelphiLogo150>
        <AppEnableRuntimeThemes>true</AppEnableRuntimeThemes>
        <DCC_Namespace>Datasnap.Win;Web.Win;Soap.Win;Xml.Win;Bde;$(DCC_Namespace)</DCC_Namespace>
        <Manifest_File>$(BDS)\bin\default_app.manifest</Manifest_File>
        <VerInfo_Locale>1033</VerInfo_Locale>
        <VerInfo_Keys>CompanyName=;FileVersion=1.0.0.0;InternalName=;LegalCopyright=;LegalTrademarks=;OriginalFilename=;ProductVersion=1.0.0.0;Comments=;ProgramID=com.embarcadero.$(ModuleName);FileDescription=$(ModuleName);ProductName=$(ModuleName)</VerInfo_Keys>
        <VerInfo_IncludeVerInfo>true</VerInfo_IncludeVerInfo>
    </PropertyGroup>
    <PropertyGroup Condition="'$(Base_Win64)'!=''">
        <UWP_DelphiLogo44>$(BDS)\bin\Artwork\Windows\UWP\delphi_UwpDefault_44.png</UWP_DelphiLogo44>
        <UWP_DelphiLogo150>$(BDS)\bin\Artwork\Windows\UWP\delphi_UwpDefault_150.png</UWP_DelphiLogo150>
    </PropertyGroup>
    <PropertyGroup Condition="'$(Cfg_1)'!=''">
        <DCC_SymbolReferenceInfo>0</DCC_SymbolReferenceInfo>
        <DCC_LocalDebugSymbols>false</DCC_LocalDebugSymbols>
        <DCC_Define>RELEASE;$(DCC_Define)</DCC_Define>
        <DCC_DebugInformation>0</DCC_DebugInformation>
    </PropertyGroup>
    <PropertyGroup Condition="'$(Cfg_2)'!=''">
        <DCC_GenerateStackFrames>true</DCC_GenerateStackFrames>
        <DCC_Optimize>false</DCC_Optimize>
        <DCC_Define>DEBUG;$(DCC_Define)</DCC_Define>
    </PropertyGroup>
    <PropertyGroup Condition="'$(Cfg_2_Android)'!=''">
        <BT_BuildType>Debug</BT_BuildType>
    </PropertyGroup>
    <PropertyGroup Condition="'$(Cfg_2_Win32)'!=''">
        <BT_BuildType>Debug</BT_BuildType>
        <VerInfo_Build>1</VerInfo_Build>
        <Icon_MainIcon>GCSD_Icon2.ico</Icon_MainIcon>
        <VerInfo_IncludeVerInfo>true</VerInfo_IncludeVerInfo>
        <DCC_ExeOutput>bin</DCC_ExeOutput>
        <VerInfo_Keys>CompanyName=;FileVersion=1.0.0.1;InternalName=;LegalCopyright=;LegalTrademarks=;OriginalFilename=;ProductVersion=1.0.0.1;Comments=;ProgramID=com.embarcadero.$(ModuleName);FileDescription=$(ModuleName);ProductName=$(ModuleName)</VerInfo_Keys>
    </PropertyGroup>
    <ItemGroup>
        <DelphiCompile Include="$(MainSource)">
            <MainSource>MainSource</MainSource>
        </DelphiCompile>
        <DCCReference Include="UfrmMain.pas">
            <Form>frmMain</Form>
        </DCCReference>
        <DCCReference Include="UfrmTransferSecretary.pas">
            <Form>frmTransferSecretary</Form>
        </DCCReference>
        <DCCReference Include="UfrmEQOrders.pas">
            <Form>frmEQOrders</Form>
        </DCCReference>
        <DCCReference Include="UdtmMain.pas">
            <Form>dtmMain</Form>
            <DesignClass>TDataModule</DesignClass>
        </DCCReference>
        <DCCReference Include="UfrmEQBatchList.pas">
            <Form>frmEQBatchList</Form>
        </DCCReference>
        <DCCReference Include="UfrmUTAdmin.pas">
            <Form>frmUTAdmin</Form>
        </DCCReference>
        <DCCReference Include="UfrmUTDealCreate.pas">
            <Form>frmUTDealCreate</Form>
        </DCCReference>
        <DCCReference Include="UfrmSettlement.pas">
            <Form>frmSettlement</Form>
        </DCCReference>
        <DCCReference Include="UfrmEQCounters.pas">
            <Form>frmEQCounters</Form>
        </DCCReference>
        <DCCReference Include="UfrmEQPortfolio.pas">
            <Form>frmEQPortfolio</Form>
        </DCCReference>
        <DCCReference Include="UfrmTransactionSetup.pas">
            <Form>frmTransactionSetup</Form>
        </DCCReference>
        <DCCReference Include="UfrmSetup.pas">
            <Form>frmSetup</Form>
        </DCCReference>
        <DCCReference Include="UfrmLogin.pas">
            <Form>frmLogin</Form>
        </DCCReference>
        <DCCReference Include="UfrmChangePassword.pas">
            <Form>frmChangePassword</Form>
        </DCCReference>
        <DCCReference Include="UfrmAccountDetails.pas">
            <Form>frmAccountDetails</Form>
        </DCCReference>
        <DCCReference Include="UfrmMMDealList.pas">
            <Form>frmMMDealList</Form>
        </DCCReference>
        <DCCReference Include="UfrmUTTransaction.pas">
            <Form>frmUTTransaction</Form>
        </DCCReference>
        <DCCReference Include="UfrmEQBatchCreate.pas">
            <Form>frmEQBatchCreate</Form>
        </DCCReference>
        <DCCReference Include="UfrmEQOrderCreate.pas">
            <Form>frmEQOrderCreate</Form>
        </DCCReference>
        <DCCReference Include="UfrmSelectModule.pas">
            <Form>frmSelectModule</Form>
        </DCCReference>
        <DCCReference Include="UfrmEQTransactionList.pas">
            <Form>frmEQTransactionList</Form>
        </DCCReference>
        <DCCReference Include="UfrmEQScripSplit.pas">
            <Form>frmEQScripSplit</Form>
        </DCCReference>
        <DCCReference Include="UfrmUTPricing.pas">
            <Form>frmUTPricing</Form>
        </DCCReference>
        <DCCReference Include="UfrmEQReports.pas">
            <Form>frmEQReports</Form>
        </DCCReference>
        <DCCReference Include="UfrmEQSplitsConsolidations.pas">
            <Form>frmEQSplitsConsolidations</Form>
        </DCCReference>
        <DCCReference Include="UfrmEQSwapsConversions.pas">
            <Form>frmEQSwapsConversions</Form>
        </DCCReference>
        <DCCReference Include="UfrmEQScripRegistration.pas">
            <Form>frmEQScripRegistration</Form>
        </DCCReference>
        <DCCReference Include="UfrmEQScripSearch.pas">
            <Form>frmEQScripSearch</Form>
        </DCCReference>
        <DCCReference Include="UfrmUTClientReinvest.pas">
            <Form>frmUTClientReinvest</Form>
        </DCCReference>
        <DCCReference Include="UfrmUTDistributions.pas">
            <Form>frmUTDistributions</Form>
        </DCCReference>
        <DCCReference Include="UfrmEQDividends.pas">
            <Form>frmEQDividends</Form>
        </DCCReference>
        <DCCReference Include="UfrmEQDividendAllocate.pas">
            <Form>frmEQDividendAllocate</Form>
        </DCCReference>
        <DCCReference Include="UfrmMMBulkDealAllocation.pas">
            <Form>frmMMBulkDealAllocation</Form>
        </DCCReference>
        <DCCReference Include="UfrmEndOfMonth.pas">
            <Form>frmEndOfMonth</Form>
        </DCCReference>
        <DCCReference Include="UfrmEQScripRegistrationScrip.pas">
            <Form>frmEQScripRegistrationScrip</Form>
        </DCCReference>
        <DCCReference Include="UfrmMMTransaction.pas">
            <Form>frmMMTransaction</Form>
        </DCCReference>
        <DCCReference Include="UfrmUTDeals.pas">
            <Form>frmUTDeals</Form>
        </DCCReference>
        <DCCReference Include="UfrmMMTransactionList.pas">
            <Form>frmMMTransactionList</Form>
        </DCCReference>
        <DCCReference Include="UfrmEQDividendAllocConfirm.pas">
            <Form>frmEQDividendAllocConfirm</Form>
        </DCCReference>
        <DCCReference Include="UfrmEQTakeOn.pas">
            <Form>frmEQTakeOn</Form>
        </DCCReference>
        <DCCReference Include="UfrmSplash.pas">
            <Form>frmSplash</Form>
        </DCCReference>
        <DCCReference Include="UfrmCalendar.pas">
            <Form>frmCalendar</Form>
        </DCCReference>
        <DCCReference Include="UfrmEQScripSplitCreate.pas">
            <Form>frmEQScripSplitCreate</Form>
        </DCCReference>
        <DCCReference Include="UfrmEQAnalysis.pas">
            <Form>frmEQAnalysis</Form>
        </DCCReference>
        <DCCReference Include="UfrmUTTransferCreate.pas">
            <Form>frmUTTransferCreate</Form>
        </DCCReference>
        <DCCReference Include="UfrmUTTransfers.pas">
            <Form>frmUTTransfers</Form>
        </DCCReference>
        <DCCReference Include="UfrmEQInternalOrders.pas">
            <Form>frmEQInternalOrders</Form>
        </DCCReference>
        <DCCReference Include="UfrmQuickReports.pas">
            <Form>frmQuickReports</Form>
        </DCCReference>
        <DCCReference Include="UfrmEQInternalOrderCreate.pas">
            <Form>frmEQInternalOrderCreate</Form>
        </DCCReference>
        <DCCReference Include="UfrmJournal.pas">
            <Form>frmJournal</Form>
        </DCCReference>
        <DCCReference Include="UfrmEQTransactionHistory.pas">
            <Form>frmEQTransactionHistory</Form>
        </DCCReference>
        <DCCReference Include="ufrmEmailStatement.pas">
            <Form>frmEmailStatement</Form>
        </DCCReference>
        <DCCReference Include="UfrmEQShareTransfer.pas">
            <Form>frmEQShareTransfer</Form>
        </DCCReference>
        <DCCReference Include="UfrmUTReports.pas">
            <Form>frmUTReports</Form>
        </DCCReference>
        <DCCReference Include="UPRJournal.pas">
            <Form>frmPRJournal</Form>
        </DCCReference>
        <DCCReference Include="UfrmMMOrder.pas">
            <Form>frmMMOrder</Form>
        </DCCReference>
        <DCCReference Include="UfrmMMDealAuditTrailList.pas">
            <Form>frmMMDealAuditTrailList</Form>
        </DCCReference>
        <DCCReference Include="UfrmMMQuickReports.pas">
            <Form>frmMMQuickReports</Form>
        </DCCReference>
        <DCCReference Include="UfrmMMEndOfDay.pas">
            <Form>frmMMEndOfDay</Form>
        </DCCReference>
        <DCCReference Include="UfrmAgent.pas">
            <Form>frmAgent</Form>
        </DCCReference>
        <DCCReference Include="UfrmAgentRate.pas">
            <Form>frmAgentRate</Form>
        </DCCReference>
        <DCCReference Include="UDateParams.pas">
            <Form>frmDateParam</Form>
        </DCCReference>
        <DCCReference Include="UReportDate.pas">
            <Form>frmReportDate</Form>
        </DCCReference>
        <DCCReference Include="UfrmTransactionSchedule.pas">
            <Form>frmTransactionSchedule</Form>
        </DCCReference>
        <DCCReference Include="UfrmMMCounterpartyRates.pas">
            <Form>frmMMCounterpartyRates</Form>
        </DCCReference>
        <DCCReference Include="UfrmDashboard.pas">
            <Form>frmDashBoard</Form>
        </DCCReference>
        <DCCReference Include="UfrmEmailer.pas">
            <Form>frmEmailer</Form>
        </DCCReference>
        <DCCReference Include="UfrmMMDealNotes.pas">
            <Form>frmMMDealNoteList</Form>
        </DCCReference>
        <DCCReference Include="UfrmMMDealTermination.pas">
            <Form>frmMMDealTermination</Form>
        </DCCReference>
        <DCCReference Include="UfrmMMDealSettlement.pas">
            <Form>frmMMDealSettlement</Form>
        </DCCReference>
        <DCCReference Include="UfrmMMOrderRejection.pas">
            <Form>frmMMOrderRejection</Form>
        </DCCReference>
        <DCCReference Include="UfrmMMOrderConfirmation.pas">
            <Form>frmMMOrderConfirmation</Form>
        </DCCReference>
        <DCCReference Include="UfrmMMOrderList.pas">
            <Form>frmMMOrderList</Form>
        </DCCReference>
        <DCCReference Include="UfrmMMSetup.pas">
            <Form>frmMMSetup</Form>
        </DCCReference>
        <DCCReference Include="UdtmMMHelper.pas">
            <Form>dtmMMHelper</Form>
            <DesignClass>TDataModule</DesignClass>
        </DCCReference>
        <DCCReference Include="UfrmMMDealAllocate.pas">
            <Form>frmMMDealAllocate</Form>
        </DCCReference>
        <DCCReference Include="UfrmMMBondAllocationOrderItem.pas">
            <Form>frmMMBondAllocationOrderItem</Form>
        </DCCReference>
        <DCCReference Include="UfrmMMAllocationOrderList.pas">
            <Form>frmMMAllocationOrderList</Form>
        </DCCReference>
        <DCCReference Include="UfrmEQInternalOrder.pas">
            <Form>frmEQInternalOrder</Form>
        </DCCReference>
        <DCCReference Include="UfrmMMAllocationOrderPlacement.pas">
            <Form>frmMMAllocationOrderPlacement</Form>
        </DCCReference>
        <DCCReference Include="UfrmMMRunningDealList.pas">
            <Form>frmMMRunningDealList</Form>
        </DCCReference>
        <DCCReference Include="UfrmMMSecurityList.pas">
            <Form>frmMMSecurityList</Form>
        </DCCReference>
        <DCCReference Include="UfrmMMSecurity.pas">
            <Form>frmMMSecurity</Form>
        </DCCReference>
        <DCCReference Include="UfrmMMMaturityList.pas">
            <Form>frmMMMaturityList</Form>
        </DCCReference>
        <DCCReference Include="UfrmMMPortfolio.pas">
            <Form>frmMMPortfolio</Form>
        </DCCReference>
        <DCCReference Include="UfrmAccountSearch.pas">
            <Form>frmAccountSearch</Form>
        </DCCReference>
        <DCCReference Include="UfrmMMEndOfMonth.pas">
            <Form>frmMMEndOfMonth</Form>
        </DCCReference>
        <DCCReference Include="UfrmMMInterestRates.pas">
            <Form>frmMMInterestRates</Form>
        </DCCReference>
        <DCCReference Include="UfrmMMSplash.pas">
            <Form>frmMMSplash</Form>
        </DCCReference>
        <DCCReference Include="UfrmMMBondAllocationOrder.pas">
            <Form>frmMMBondAllocationOrder</Form>
        </DCCReference>
        <DCCReference Include="UfrmAccount.pas">
            <Form>frmAccount</Form>
        </DCCReference>
        <DCCReference Include="UfrmUTFundSetup.pas">
            <Form>frmUTFundSetup</Form>
        </DCCReference>
        <DCCReference Include="UfrmUTQuickReports.pas">
            <Form>frmUTQuickReports</Form>
        </DCCReference>
        <DCCReference Include="UfrmUTTradingDiary.pas">
            <Form>frmUTTradingDiary</Form>
        </DCCReference>
        <DCCReference Include="UfrmUTTradingDiaryCreate.pas">
            <Form>frmUTTradingDiaryCreate</Form>
        </DCCReference>
        <DCCReference Include="UfrmUTStopOrders.pas">
            <Form>frmUTStopOrders</Form>
        </DCCReference>
        <DCCReference Include="UfrmUTStopOrderDetailsCreate.pas">
            <Form>frmUTStopOrderDetailsCreate</Form>
        </DCCReference>
        <DCCReference Include="UfrmClient.pas">
            <Form>frmClient</Form>
        </DCCReference>
        <DCCReference Include="UfrmClientList.pas">
            <Form>frmClientList</Form>
        </DCCReference>
        <DCCReference Include="UfrmCounterpartySearch.pas">
            <Form>frmCounterpartySearch</Form>
        </DCCReference>
        <DCCReference Include="UfrmContact.pas">
            <Form>frmContact</Form>
        </DCCReference>
        <DCCReference Include="UfrmSignatory.pas">
            <Form>frmSignatory</Form>
        </DCCReference>
        <DCCReference Include="UfrmCompany.pas">
            <Form>frmCompany</Form>
        </DCCReference>
        <DCCReference Include="UfrmBranch.pas">
            <Form>frmBranch</Form>
        </DCCReference>
        <DCCReference Include="UfrmBankAccount.pas">
            <Form>frmBankAccount</Form>
        </DCCReference>
        <DCCReference Include="UfrmSystemAccount.pas">
            <Form>frmSystemAccount</Form>
        </DCCReference>
        <DCCReference Include="UfrmUser.pas">
            <Form>frmUser</Form>
        </DCCReference>
        <DCCReference Include="UfrmUserList.pas">
            <Form>frmUserList</Form>
        </DCCReference>
        <DCCReference Include="UfrmUserGroup.pas">
            <Form>frmUserGroup</Form>
        </DCCReference>
        <DCCReference Include="UfrmUserGroupList.pas">
            <Form>frmUserGroupList</Form>
        </DCCReference>
        <DCCReference Include="UfrmEQInternalOrderItem.pas">
            <Form>frmEQInternalOrderItem</Form>
        </DCCReference>
        <DCCReference Include="UfrmCounterparty.pas">
            <Form>frmCounterparty</Form>
        </DCCReference>
        <DCCReference Include="UfrmEQTransaction.pas">
            <Form>frmEQTransaction</Form>
        </DCCReference>
        <DCCReference Include="UfrmStockBroker.pas">
            <Form>frmStockBroker</Form>
        </DCCReference>
        <DCCReference Include="UfrmMMAllocationOrderItem.pas">
            <Form>frmMMAllocationOrderItem</Form>
        </DCCReference>
        <DCCReference Include="UfrmLock.pas">
            <Form>frmLock</Form>
        </DCCReference>
        <DCCReference Include="UfrmQuery.pas">
            <Form>frmQuery</Form>
        </DCCReference>
        <DCCReference Include="UfrmAccountDetail.pas">
            <Form>frmAccountDetail</Form>
        </DCCReference>
        <DCCReference Include="UfrmMMAllocationOrder.pas">
            <Form>frmMMAllocationOrder</Form>
        </DCCReference>
        <DCCReference Include="UfrmUTExternal.pas">
            <Form>frmUTExternal</Form>
        </DCCReference>
        <DCCReference Include="UfrmSigScan.pas">
            <Form>frmSigScan</Form>
        </DCCReference>
        <DCCReference Include="UfrmCurrency.pas">
            <Form>frmCurrency</Form>
        </DCCReference>
        <DCCReference Include="UfrmRejectionReason.pas">
            <Form>frmRejectionReason</Form>
        </DCCReference>
        <DCCReference Include="UPRPropertySearch.pas">
            <Form>frmPRPropertySearch</Form>
        </DCCReference>
        <DCCReference Include="UPRTenantSearch.pas">
            <Form>frmPRTenantSearch</Form>
        </DCCReference>
        <DCCReference Include="UPRTransaction.pas">
            <Form>frmPRTransaction</Form>
        </DCCReference>
        <DCCReference Include="UPRTransactionList.pas">
            <Form>frmPRTransactionList</Form>
        </DCCReference>
        <DCCReference Include="UPRTrustAccountTransaction.pas">
            <Form>frmPRTrustAccountTransaction</Form>
        </DCCReference>
        <DCCReference Include="UfrmUTGratuityEmployer.pas">
            <Form>frmUTGratuityEmployer</Form>
        </DCCReference>
        <DCCReference Include="UfrmJointAccount.pas">
            <Form>frmJointAccount</Form>
        </DCCReference>
        <DCCReference Include="UfrmUTBankActivities.pas">
            <Form>frmUTBankActivities</Form>
        </DCCReference>
        <DCCReference Include="UfrmUTStopOrderDDACC.pas">
            <Form>frmUTStopOrderDDACC</Form>
        </DCCReference>
        <DCCReference Include="UfrmBarcEPayment.pas">
            <Form>frmBarcEPayment</Form>
        </DCCReference>
        <DCCReference Include="UfrmEQRightsIssue.pas">
            <Form>frmEQRightsIssue</Form>
        </DCCReference>
        <DCCReference Include="UfrmEQRightsIssueAllocation.pas">
            <Form>frmEQRightsIssueAllocation</Form>
        </DCCReference>
        <DCCReference Include="UfrmEQRightsIssueCreate.pas">
            <Form>frmEQRightsIssueCreate</Form>
        </DCCReference>
        <DCCReference Include="UfrmEQRightsIssueSettle.pas">
            <Form>frmEQRightsIssueSettle</Form>
        </DCCReference>
        <DCCReference Include="UPRExpenseListing.pas">
            <Form>frmPRExpenseListing</Form>
        </DCCReference>
        <DCCReference Include="UPRProcessRentals.pas">
            <Form>frmPRProcessRentals</Form>
        </DCCReference>
        <DCCReference Include="UPRPropertyDeals.pas">
            <Form>frmPRPropertyDealList</Form>
        </DCCReference>
        <DCCReference Include="UfrmUTTransactionList.pas">
            <Form>frmUTTransactionList</Form>
        </DCCReference>
        <DCCReference Include="UfrmAgentRateList.pas">
            <Form>frmAgentRateList</Form>
        </DCCReference>
        <DCCReference Include="UfrmDiary.pas">
            <Form>frmDiary</Form>
        </DCCReference>
        <DCCReference Include="UfrmEQScrip.pas">
            <Form>frmEQScrip</Form>
        </DCCReference>
        <DCCReference Include="UfrmEQScripManualDischarge.pas">
            <Form>frmEQScripManualDischarge</Form>
        </DCCReference>
        <DCCReference Include="UfrmEQBatchScrip.pas">
            <Form>frmEQBatchScrip</Form>
        </DCCReference>
        <DCCReference Include="UAuditTrail.pas">
            <Form>frmAuditTrail</Form>
        </DCCReference>
        <DCCReference Include="UfrmEQOrderItemConfirm.pas">
            <Form>frmEQOrderItemConfirm</Form>
        </DCCReference>
        <DCCReference Include="UPRPortfolio.pas">
            <Form>frmPRPortfolio</Form>
        </DCCReference>
        <DCCReference Include="UfrmAccountList.pas">
            <Form>frmAccountList</Form>
        </DCCReference>
        <DCCReference Include="UPRPropertyPurchaseDealList.pas">
            <Form>frmPRPropertyPurchaseDealList</Form>
        </DCCReference>
        <DCCReference Include="UPRUnitIssueList.pas">
            <Form>frmPRUnitIssueList</Form>
        </DCCReference>
        <DCCReference Include="UPRLeaseRentCreate.pas">
            <Form>frmPRLeaseRentCreate</Form>
        </DCCReference>
        <DCCReference Include="UPRUnitPrice.pas">
            <Form>frmPRUnitPrice</Form>
        </DCCReference>
        <DCCReference Include="UPRIncomeDistributionList.pas">
            <Form>frmPRIncomeDistributionList</Form>
        </DCCReference>
        <DCCReference Include="UPRIncomeDistributionCreate.pas">
            <Form>frmPRIncomeDistributionCreate</Form>
        </DCCReference>
        <DCCReference Include="UfrmMMJournal.pas">
            <Form>frmMMJournal</Form>
        </DCCReference>
        <DCCReference Include="UPRConveyors.pas">
            <Form>frmPRConveyors</Form>
        </DCCReference>
        <DCCReference Include="UPRPropertyManager.pas">
            <Form>frmPRPropertyManager</Form>
        </DCCReference>
        <DCCReference Include="UPREvaluators.pas">
            <Form>frmPREvaluators</Form>
        </DCCReference>
        <DCCReference Include="UfrmMMBond.pas">
            <Form>frmMMBond</Form>
        </DCCReference>
        <DCCReference Include="UfrmMMBondAllocationOrderPlacement.pas">
            <Form>frmMMBondAllocationOrderPlacement</Form>
        </DCCReference>
        <DCCReference Include="UfrmMMBondCoupon.pas">
            <Form>frmMMBondCoupon</Form>
        </DCCReference>
        <DCCReference Include="UfrmMMBondDeal2AllocationOrder.pas">
            <Form>frmMMBondDeal2AllocationOrder</Form>
        </DCCReference>
        <DCCReference Include="UfrmMMBondDealList.pas">
            <Form>frmMMBondDealList</Form>
        </DCCReference>
        <DCCReference Include="UfrmMMBondDealSettlement.pas">
            <Form>frmMMBondDealSettlement</Form>
        </DCCReference>
        <DCCReference Include="UfrmMMBondList.pas">
            <Form>frmMMBondList</Form>
        </DCCReference>
        <DCCReference Include="UfrmMMBondRates.pas">
            <Form>frmMMBondRates</Form>
        </DCCReference>
        <DCCReference Include="UfrmMMBondScripDischarge.pas">
            <Form>frmMMBondScripDischarge</Form>
        </DCCReference>
        <DCCReference Include="UfrmMMBondScripList.pas">
            <Form>frmMMBondScripList</Form>
        </DCCReference>
        <DCCReference Include="UfrmMMBondScripRegistration.pas">
            <Form>frmMMBondScripRegistration</Form>
        </DCCReference>
        <DCCReference Include="UfrmMMBondScripTransfer.pas">
            <Form>frmMMBondScripTransfer</Form>
        </DCCReference>
        <DCCReference Include="UfrmMMClientPortfolio.pas">
            <Form>frmMMClientPortfolio</Form>
        </DCCReference>
        <DCCReference Include="UfrmMMDealRates.pas">
            <Form>frmMMDealRates</Form>
        </DCCReference>
        <DCCReference Include="UfrmMMLegend.pas">
            <Form>frmMMLegend</Form>
        </DCCReference>
        <DCCReference Include="UfrmMMBondCouponRedeem.pas">
            <Form>frmMMBondCouponRedeem</Form>
        </DCCReference>
        <DCCReference Include="UfrmUTUnitTrustConsolidation.pas">
            <Form>frmUTUnitTrustConsolidation</Form>
        </DCCReference>
        <DCCReference Include="UfrmCreateUnitConsolidation.pas">
            <Form>frmCreateUnitConsolidation</Form>
        </DCCReference>
        <DCCReference Include="UfrmUTLedgerFees.pas">
            <Form>frmUTLedgerFees</Form>
        </DCCReference>
        <DCCReference Include="UfrmUTLedgerFeesCreate.pas">
            <Form>frmUTLedgerFeesCreate</Form>
        </DCCReference>
        <DCCReference Include="UfrmUTDistributionCreate.pas">
            <Form>frmUTDistributionCreate</Form>
        </DCCReference>
        <DCCReference Include="UfrmMMAccountInterestList.pas">
            <Form>frmMMAccountInterestList</Form>
        </DCCReference>
        <DCCReference Include="Validation.pas"/>
        <DCCReference Include="UfrmMMAllocationAuthorisation.pas">
            <Form>frmMMAllocationAuthorisation</Form>
        </DCCReference>
        <DCCReference Include="UfrmMMPlacementAuthorisation.pas">
            <Form>frmMMPlacementAuthorisation</Form>
        </DCCReference>
        <DCCReference Include="UfrmMMDealerAuthorisation.pas">
            <Form>frmMMDealerAuthorisation</Form>
        </DCCReference>
        <DCCReference Include="UfrmEQScripManualDischargeListing.pas">
            <Form>frmEQScripManualDischargeListing</Form>
        </DCCReference>
        <DCCReference Include="UfrmImportSearch.pas">
            <Form>frmImportSearch</Form>
        </DCCReference>
        <DCCReference Include="UPRExpense.pas">
            <Form>frmPRPropertyExpense</Form>
        </DCCReference>
        <DCCReference Include="UPRNewPropertyDeal.pas">
            <Form>frmPRPropertyDeal</Form>
        </DCCReference>
        <DCCReference Include="UPRPropertyDetails.pas">
            <Form>frmPRProperty</Form>
        </DCCReference>
        <DCCReference Include="UPRPropertyPurchaseDeal.pas">
            <Form>frmPRPropertyPurchaseDeal</Form>
        </DCCReference>
        <DCCReference Include="UPRUnitIssue.pas">
            <Form>frmPRCreateUnitIssue</Form>
        </DCCReference>
        <DCCReference Include="UPRLeaseCreate.pas">
            <Form>frmPRLeaseCreate</Form>
        </DCCReference>
        <DCCReference Include="UfrmEQBatchAllocate.pas">
            <Form>frmEQBatchAllocate</Form>
        </DCCReference>
        <DCCReference Include="UfrmEQBatchSettle.pas">
            <Form>frmEQBatchSettle</Form>
        </DCCReference>
        <DCCReference Include="UfrmMMBackDatedTransactions.pas">
            <Form>frmMMBackDatedTransactions</Form>
        </DCCReference>
        <DCCReference Include="UfrmMMCashForecast.pas">
            <Form>frmMMCashForecast</Form>
        </DCCReference>
        <DCCReference Include="UPRTenant.pas">
            <Form>frmPRTenant</Form>
        </DCCReference>
        <DCCReference Include="UfrmEQOtherAssetCreate.pas">
            <Form>frmEQOtherAssetCreate</Form>
        </DCCReference>
        <DCCReference Include="UfrmTargetAnalysis.pas">
            <Form>frmTargetAnalysis</Form>
        </DCCReference>
        <DCCReference Include="UfrmTargetAnalysisSetup.pas">
            <Form>frmTargetAnalysisSetup</Form>
        </DCCReference>
        <DCCReference Include="UfrmFundsUnderMgt.pas">
            <Form>frmFundsUnderMgt</Form>
        </DCCReference>
        <DCCReference Include="UfrmSafeCustody.pas">
            <Form>frmSafeCustody</Form>
            <FormType>dfm</FormType>
        </DCCReference>
        <DCCReference Include="UManagementFeeScheduleCreate.pas">
            <Form>frmManagementFeeScheduleCreate</Form>
            <FormType>dfm</FormType>
        </DCCReference>
        <DCCReference Include="UManagementFeeScheduleListing.pas">
            <Form>frmManagementFeeScheduleList</Form>
            <FormType>dfm</FormType>
        </DCCReference>
        <DCCReference Include="UManagementFeeAllocationCreate.pas">
            <Form>frmManagementFeeAllocationCreate</Form>
            <FormType>dfm</FormType>
        </DCCReference>
        <DCCReference Include="UAssetManager.pas">
            <Form>frmAssetManager</Form>
            <FormType>dfm</FormType>
        </DCCReference>
        <DCCReference Include="UfrmAuthoriseOverdraw.pas">
            <Form>frmAuthoriseOverdraw</Form>
            <FormType>dfm</FormType>
        </DCCReference>
        <DCCReference Include="UfrmTMONDeals.pas">
            <Form>frmTMONDeals</Form>
            <FormType>dfm</FormType>
        </DCCReference>
        <DCCReference Include="UfrmEmailDateSend.pas">
            <Form>frmEmailDateSend</Form>
            <FormType>dfm</FormType>
        </DCCReference>
        <DCCReference Include="UfrmReleaseUserList.pas">
            <Form>frmReleaseUser</Form>
            <FormType>dfm</FormType>
        </DCCReference>
        <DCCReference Include="UfrmDebenture.pas">
            <Form>frmDebenture</Form>
            <FormType>dfm</FormType>
        </DCCReference>
        <DCCReference Include="UfrmDebentureList.pas">
            <Form>frmDebentureList</Form>
            <FormType>dfm</FormType>
        </DCCReference>
        <DCCReference Include="UfrmDebentureCoupon.pas">
            <Form>frmDebentureCoupon</Form>
            <FormType>dfm</FormType>
        </DCCReference>
        <DCCReference Include="UfrmDebentureAllocationOrderList.pas">
            <Form>frmDebentureAllocationOrderList</Form>
            <FormType>dfm</FormType>
        </DCCReference>
        <DCCReference Include="UfrmDebentureAllocationOrder.pas">
            <Form>frmDebentureAllocationOrder</Form>
            <FormType>dfm</FormType>
        </DCCReference>
        <DCCReference Include="UfrmDebentureAllocationOrderItem.pas">
            <Form>frmDebentureAllocationOrderItem</Form>
            <FormType>dfm</FormType>
        </DCCReference>
        <DCCReference Include="UfrmDebentureCouponRedeem.pas">
            <Form>frmDebentureCouponRedeem</Form>
            <FormType>dfm</FormType>
        </DCCReference>
        <DCCReference Include="UfrmDebentureDealSettlement.pas">
            <Form>frmDebentureDealSettlement</Form>
            <FormType>dfm</FormType>
        </DCCReference>
        <DCCReference Include="UfrmDebentureDealList2.pas">
            <Form>frmDebentureDealList2</Form>
            <FormType>dfm</FormType>
        </DCCReference>
        <DCCReference Include="UfrmDebentureDeal2AllocationOrder.pas">
            <Form>frmDebentureDeal2AllocationOrder</Form>
            <FormType>dfm</FormType>
        </DCCReference>
        <DCCReference Include="UfrmUploadClients.pas">
            <Form>frmUpLoadClients</Form>
            <FormType>dfm</FormType>
        </DCCReference>
        <BuildConfiguration Include="Debug">
            <Key>Cfg_2</Key>
            <CfgParent>Base</CfgParent>
        </BuildConfiguration>
        <BuildConfiguration Include="Base">
            <Key>Base</Key>
        </BuildConfiguration>
        <BuildConfiguration Include="Release">
            <Key>Cfg_1</Key>
            <CfgParent>Base</CfgParent>
        </BuildConfiguration>
    </ItemGroup>
    <ProjectExtensions>
        <Borland.Personality>Delphi.Personality.12</Borland.Personality>
        <Borland.ProjectType/>
        <BorlandProject>
            <Delphi.Personality>
                <Source>
                    <Source Name="MainSource">GCSD.dpr</Source>
                </Source>
                <VersionInfo>
                    <VersionInfo Name="IncludeVerInfo">False</VersionInfo>
                    <VersionInfo Name="AutoIncBuild">False</VersionInfo>
                    <VersionInfo Name="MajorVer">1</VersionInfo>
                    <VersionInfo Name="MinorVer">0</VersionInfo>
                    <VersionInfo Name="Release">0</VersionInfo>
                    <VersionInfo Name="Build">0</VersionInfo>
                    <VersionInfo Name="Debug">False</VersionInfo>
                    <VersionInfo Name="PreRelease">False</VersionInfo>
                    <VersionInfo Name="Special">False</VersionInfo>
                    <VersionInfo Name="Private">False</VersionInfo>
                    <VersionInfo Name="DLL">False</VersionInfo>
                    <VersionInfo Name="Locale">1033</VersionInfo>
                    <VersionInfo Name="CodePage">1252</VersionInfo>
                </VersionInfo>
                <VersionInfoKeys>
                    <VersionInfoKeys Name="CompanyName"/>
                    <VersionInfoKeys Name="FileDescription"/>
                    <VersionInfoKeys Name="FileVersion">1.0.0.0</VersionInfoKeys>
                    <VersionInfoKeys Name="InternalName"/>
                    <VersionInfoKeys Name="LegalCopyright"/>
                    <VersionInfoKeys Name="LegalTrademarks"/>
                    <VersionInfoKeys Name="OriginalFilename"/>
                    <VersionInfoKeys Name="ProductName"/>
                    <VersionInfoKeys Name="ProductVersion">1.0.0.0</VersionInfoKeys>
                    <VersionInfoKeys Name="Comments"/>
                    <VersionInfoKeys Name="CFBundleName"/>
                    <VersionInfoKeys Name="CFBundleDisplayName"/>
                    <VersionInfoKeys Name="UIDeviceFamily"/>
                    <VersionInfoKeys Name="CFBundleIdentifier"/>
                    <VersionInfoKeys Name="CFBundleVersion"/>
                    <VersionInfoKeys Name="CFBundlePackageType"/>
                    <VersionInfoKeys Name="CFBundleSignature"/>
                    <VersionInfoKeys Name="CFBundleAllowMixedLocalizations"/>
                    <VersionInfoKeys Name="UISupportedInterfaceOrientations"/>
                    <VersionInfoKeys Name="CFBundleExecutable"/>
                    <VersionInfoKeys Name="CFBundleResourceSpecification"/>
                    <VersionInfoKeys Name="LSRequiresIPhoneOS"/>
                    <VersionInfoKeys Name="CFBundleInfoDictionaryVersion"/>
                    <VersionInfoKeys Name="CFBundleDevelopmentRegion"/>
                    <VersionInfoKeys Name="package"/>
                    <VersionInfoKeys Name="label"/>
                    <VersionInfoKeys Name="versionCode"/>
                    <VersionInfoKeys Name="versionName"/>
                    <VersionInfoKeys Name="persistent"/>
                    <VersionInfoKeys Name="restoreAnyVersion"/>
                    <VersionInfoKeys Name="installLocation"/>
                    <VersionInfoKeys Name="largeHeap"/>
                    <VersionInfoKeys Name="theme"/>
                </VersionInfoKeys>
                <Excluded_Packages>
                    <Excluded_Packages Name="$(BDSBIN)\bcboffice2k190.bpl">Embarcadero C++Builder Office 2000 Servers Package</Excluded_Packages>
                    <Excluded_Packages Name="$(BDSBIN)\bcbofficexp190.bpl">Embarcadero C++Builder Office XP Servers Package</Excluded_Packages>
                    <Excluded_Packages Name="$(BDSBIN)\dcloffice2k190.bpl">Microsoft Office 2000 Sample Automation Server Wrapper Components</Excluded_Packages>
                    <Excluded_Packages Name="$(BDSBIN)\dclofficexp190.bpl">Microsoft Office XP Sample Automation Server Wrapper Components</Excluded_Packages>
                    <Excluded_Packages Name="$(BDSBIN)\dclqrd_DXE5.bpl">QRDesign design-time</Excluded_Packages>
                    <Excluded_Packages Name="C:\Program Files (x86)\DevExpress VCL\Library\RS19\dcldxIconLibraryRS19.bpl">Express Cross Platform Library Icon Library by Developer Express Inc.</Excluded_Packages>
                    <Excluded_Packages Name="C:\Program Files (x86)\DevExpress VCL\Library\RS19\dclcxSchedulerRibbonStyleEventEditorRS19.bpl">ExpressScheduler Ribbon Event Window by Developer Express Inc.</Excluded_Packages>
                    <Excluded_Packages Name="C:\Program Files (x86)\DevExpress VCL\Library\RS19\dclcxGridWizardRS19.bpl">ExpressQuantumGrid Wizard by Developer Express Inc.</Excluded_Packages>
                    <Excluded_Packages Name="C:\Program Files (x86)\DevExpress VCL\Library\RS19\dxSkinMetropolisDarkRS19.bpl">ExpressSkins - MetropolisDark Skin by Developer Express Inc.</Excluded_Packages>
                    <Excluded_Packages Name="C:\Program Files (x86)\DevExpress VCL\Library\RS19\dxSkinMetropolisRS19.bpl">ExpressSkins - Metropolis Skin by Developer Express Inc.</Excluded_Packages>
                    <Excluded_Packages Name="C:\Program Files (x86)\DevExpress VCL\Library\RS19\dxSkinOffice2013DarkGrayRS19.bpl">ExpressSkins - Office2013DarkGray Skin by Developer Express Inc.</Excluded_Packages>
                    <Excluded_Packages Name="C:\Program Files (x86)\DevExpress VCL\Library\RS19\dxSkinOffice2013LightGrayRS19.bpl">ExpressSkins - Office2013LightGray Skin by Developer Express Inc.</Excluded_Packages>
                </Excluded_Packages>
            </Delphi.Personality>
            <Platforms>
                <Platform value="Android">True</Platform>
                <Platform value="Win32">True</Platform>
                <Platform value="Win64">False</Platform>
            </Platforms>
            <Deployment Version="3">
                <DeployFile LocalName="bin\GCSD.exe" Configuration="Debug" Class="ProjectOutput">
                    <Platform Name="Win32">
                        <RemoteName>GCSD.exe</RemoteName>
                        <Overwrite>true</Overwrite>
                    </Platform>
                </DeployFile>
                <DeployClass Name="ProjectiOSDeviceResourceRules">
                    <Platform Name="iOSDevice64">
                        <Operation>1</Operation>
                    </Platform>
                    <Platform Name="iOSDevice32">
                        <Operation>1</Operation>
                    </Platform>
                </DeployClass>
                <DeployClass Name="ProjectOSXResource">
                    <Platform Name="OSX32">
                        <RemoteDir>Contents\Resources</RemoteDir>
                        <Operation>1</Operation>
                    </Platform>
                </DeployClass>
                <DeployClass Name="AndroidClassesDexFile">
                    <Platform Name="Android">
                        <RemoteDir>classes</RemoteDir>
                        <Operation>1</Operation>
                    </Platform>
                </DeployClass>
                <DeployClass Name="AdditionalDebugSymbols">
                    <Platform Name="Win32">
                        <RemoteDir>Contents\MacOS</RemoteDir>
                        <Operation>0</Operation>
                    </Platform>
                    <Platform Name="iOSSimulator">
                        <Operation>1</Operation>
                    </Platform>
                    <Platform Name="OSX32">
                        <RemoteDir>Contents\MacOS</RemoteDir>
                        <Operation>1</Operation>
                    </Platform>
                </DeployClass>
                <DeployClass Name="iPad_Launch768">
                    <Platform Name="iOSSimulator">
                        <Operation>1</Operation>
                    </Platform>
                    <Platform Name="iOSDevice64">
                        <Operation>1</Operation>
                    </Platform>
                    <Platform Name="iOSDevice32">
                        <Operation>1</Operation>
                    </Platform>
                </DeployClass>
                <DeployClass Name="Android_LauncherIcon144">
                    <Platform Name="Android">
                        <RemoteDir>res\drawable-xxhdpi</RemoteDir>
                        <Operation>1</Operation>
                    </Platform>
                </DeployClass>
                <DeployClass Name="AndroidLibnativeMipsFile">
                    <Platform Name="Android">
                        <RemoteDir>library\lib\mips</RemoteDir>
                        <Operation>1</Operation>
                    </Platform>
                </DeployClass>
                <DeployClass Required="true" Name="ProjectOutput">
                    <Platform Name="iOSDevice64">
                        <Operation>1</Operation>
                    </Platform>
                    <Platform Name="iOSDevice32">
                        <Operation>1</Operation>
                    </Platform>
                    <Platform Name="Win32">
                        <Operation>0</Operation>
                    </Platform>
                    <Platform Name="Linux64">
                        <Operation>1</Operation>
                    </Platform>
                    <Platform Name="OSX32">
                        <RemoteDir>Contents\MacOS</RemoteDir>
                        <Operation>1</Operation>
                    </Platform>
                    <Platform Name="Android">
                        <RemoteDir>library\lib\armeabi-v7a</RemoteDir>
                        <Operation>1</Operation>
                    </Platform>
                    <Platform Name="iOSSimulator">
                        <Operation>1</Operation>
                    </Platform>
                </DeployClass>
                <DeployClass Name="DependencyFramework">
                    <Platform Name="Win32">
                        <Operation>0</Operation>
                    </Platform>
                    <Platform Name="OSX32">
                        <RemoteDir>Contents\MacOS</RemoteDir>
                        <Operation>1</Operation>
                        <Extensions>.framework</Extensions>
                    </Platform>
                </DeployClass>
                <DeployClass Name="ProjectUWPManifest">
                    <Platform Name="Win32">
                        <Operation>1</Operation>
                    </Platform>
                    <Platform Name="Win64">
                        <Operation>1</Operation>
                    </Platform>
                </DeployClass>
                <DeployClass Name="iPhone_Launch640">
                    <Platform Name="iOSSimulator">
                        <Operation>1</Operation>
                    </Platform>
                    <Platform Name="iOSDevice64">
                        <Operation>1</Operation>
                    </Platform>
                    <Platform Name="iOSDevice32">
                        <Operation>1</Operation>
                    </Platform>
                </DeployClass>
                <DeployClass Name="iPad_Launch1024">
                    <Platform Name="iOSSimulator">
                        <Operation>1</Operation>
                    </Platform>
                    <Platform Name="iOSDevice64">
                        <Operation>1</Operation>
                    </Platform>
                    <Platform Name="iOSDevice32">
                        <Operation>1</Operation>
                    </Platform>
                </DeployClass>
                <DeployClass Name="ProjectiOSDeviceDebug">
                    <Platform Name="iOSDevice64">
                        <RemoteDir>..\$(PROJECTNAME).app.dSYM\Contents\Resources\DWARF</RemoteDir>
                        <Operation>1</Operation>
                    </Platform>
                    <Platform Name="iOSDevice32">
                        <RemoteDir>..\$(PROJECTNAME).app.dSYM\Contents\Resources\DWARF</RemoteDir>
                        <Operation>1</Operation>
                    </Platform>
                </DeployClass>
                <DeployClass Name="iPhone_Launch320">
                    <Platform Name="iOSSimulator">
                        <Operation>1</Operation>
                    </Platform>
                    <Platform Name="iOSDevice64">
                        <Operation>1</Operation>
                    </Platform>
                    <Platform Name="iOSDevice32">
                        <Operation>1</Operation>
                    </Platform>
                </DeployClass>
                <DeployClass Name="ProjectiOSInfoPList">
                    <Platform Name="iOSSimulator">
                        <Operation>1</Operation>
                    </Platform>
                    <Platform Name="iOSDevice64">
                        <Operation>1</Operation>
                    </Platform>
                    <Platform Name="iOSDevice32">
                        <Operation>1</Operation>
                    </Platform>
                </DeployClass>
                <DeployClass Name="AndroidLibnativeArmeabiFile">
                    <Platform Name="Android">
                        <RemoteDir>library\lib\armeabi</RemoteDir>
                        <Operation>1</Operation>
                    </Platform>
                </DeployClass>
                <DeployClass Name="DebugSymbols">
                    <Platform Name="Win32">
                        <Operation>0</Operation>
                    </Platform>
                    <Platform Name="iOSSimulator">
                        <Operation>1</Operation>
                    </Platform>
                    <Platform Name="OSX32">
                        <RemoteDir>Contents\MacOS</RemoteDir>
                        <Operation>1</Operation>
                    </Platform>
                </DeployClass>
                <DeployClass Name="iPad_Launch1536">
                    <Platform Name="iOSSimulator">
                        <Operation>1</Operation>
                    </Platform>
                    <Platform Name="iOSDevice64">
                        <Operation>1</Operation>
                    </Platform>
                    <Platform Name="iOSDevice32">
                        <Operation>1</Operation>
                    </Platform>
                </DeployClass>
                <DeployClass Name="Android_SplashImage470">
                    <Platform Name="Android">
                        <RemoteDir>res\drawable-normal</RemoteDir>
                        <Operation>1</Operation>
                    </Platform>
                </DeployClass>
                <DeployClass Name="Android_LauncherIcon96">
                    <Platform Name="Android">
                        <RemoteDir>res\drawable-xhdpi</RemoteDir>
                        <Operation>1</Operation>
                    </Platform>
                </DeployClass>
                <DeployClass Name="Android_SplashImage640">
                    <Platform Name="Android">
                        <RemoteDir>res\drawable-large</RemoteDir>
                        <Operation>1</Operation>
                    </Platform>
                </DeployClass>
                <DeployClass Name="iPhone_Launch640x1136">
                    <Platform Name="iOSSimulator">
                        <Operation>1</Operation>
                    </Platform>
                    <Platform Name="iOSDevice64">
                        <Operation>1</Operation>
                    </Platform>
                    <Platform Name="iOSDevice32">
                        <Operation>1</Operation>
                    </Platform>
                </DeployClass>
                <DeployClass Name="UWP_DelphiLogo44">
                    <Platform Name="Win32">
                        <RemoteDir>Assets</RemoteDir>
                        <Operation>1</Operation>
                    </Platform>
                    <Platform Name="Win64">
                        <RemoteDir>Assets</RemoteDir>
                        <Operation>1</Operation>
                    </Platform>
                </DeployClass>
                <DeployClass Name="ProjectiOSEntitlements">
                    <Platform Name="iOSDevice64">
                        <RemoteDir>..\</RemoteDir>
                        <Operation>1</Operation>
                    </Platform>
                    <Platform Name="iOSDevice32">
                        <RemoteDir>..\</RemoteDir>
                        <Operation>1</Operation>
                    </Platform>
                </DeployClass>
                <DeployClass Name="Android_LauncherIcon72">
                    <Platform Name="Android">
                        <RemoteDir>res\drawable-hdpi</RemoteDir>
                        <Operation>1</Operation>
                    </Platform>
                </DeployClass>
                <DeployClass Name="AndroidGDBServer">
                    <Platform Name="Android">
                        <RemoteDir>library\lib\armeabi-v7a</RemoteDir>
                        <Operation>1</Operation>
                    </Platform>
                </DeployClass>
                <DeployClass Name="ProjectOSXInfoPList">
                    <Platform Name="OSX32">
                        <RemoteDir>Contents</RemoteDir>
                        <Operation>1</Operation>
                    </Platform>
                </DeployClass>
                <DeployClass Name="ProjectOSXEntitlements">
                    <Platform Name="OSX32">
                        <RemoteDir>..\</RemoteDir>
                        <Operation>1</Operation>
                    </Platform>
                </DeployClass>
                <DeployClass Name="UWP_DelphiLogo150">
                    <Platform Name="Win32">
                        <RemoteDir>Assets</RemoteDir>
                        <Operation>1</Operation>
                    </Platform>
                    <Platform Name="Win64">
                        <RemoteDir>Assets</RemoteDir>
                        <Operation>1</Operation>
                    </Platform>
                </DeployClass>
                <DeployClass Name="iPad_Launch2048">
                    <Platform Name="iOSSimulator">
                        <Operation>1</Operation>
                    </Platform>
                    <Platform Name="iOSDevice64">
                        <Operation>1</Operation>
                    </Platform>
                    <Platform Name="iOSDevice32">
                        <Operation>1</Operation>
                    </Platform>
                </DeployClass>
                <DeployClass Name="AndroidSplashStyles">
                    <Platform Name="Android">
                        <RemoteDir>res\values</RemoteDir>
                        <Operation>1</Operation>
                    </Platform>
                </DeployClass>
                <DeployClass Name="Android_SplashImage426">
                    <Platform Name="Android">
                        <RemoteDir>res\drawable-small</RemoteDir>
                        <Operation>1</Operation>
                    </Platform>
                </DeployClass>
                <DeployClass Name="AndroidSplashImageDef">
                    <Platform Name="Android">
                        <RemoteDir>res\drawable</RemoteDir>
                        <Operation>1</Operation>
                    </Platform>
                </DeployClass>
                <DeployClass Name="ProjectiOSResource">
                    <Platform Name="iOSSimulator">
                        <Operation>1</Operation>
                    </Platform>
                    <Platform Name="iOSDevice64">
                        <Operation>1</Operation>
                    </Platform>
                    <Platform Name="iOSDevice32">
                        <Operation>1</Operation>
                    </Platform>
                </DeployClass>
                <DeployClass Name="ProjectAndroidManifest">
                    <Platform Name="Android">
                        <Operation>1</Operation>
                    </Platform>
                </DeployClass>
                <DeployClass Name="Android_DefaultAppIcon">
                    <Platform Name="Android">
                        <RemoteDir>res\drawable</RemoteDir>
                        <Operation>1</Operation>
                    </Platform>
                </DeployClass>
                <DeployClass Name="File">
                    <Platform Name="Win32">
                        <Operation>0</Operation>
                    </Platform>
                    <Platform Name="iOSDevice64">
                        <Operation>0</Operation>
                    </Platform>
                    <Platform Name="OSX32">
                        <RemoteDir>Contents\Resources\StartUp\</RemoteDir>
                        <Operation>0</Operation>
                    </Platform>
                    <Platform Name="iOSDevice32">
                        <Operation>0</Operation>
                    </Platform>
                    <Platform Name="Android">
                        <Operation>0</Operation>
                    </Platform>
                    <Platform Name="iOSSimulator">
                        <Operation>0</Operation>
                    </Platform>
                </DeployClass>
                <DeployClass Name="AndroidServiceOutput">
                    <Platform Name="Android">
                        <RemoteDir>library\lib\armeabi-v7a</RemoteDir>
                        <Operation>1</Operation>
                    </Platform>
                </DeployClass>
                <DeployClass Required="true" Name="DependencyPackage">
                    <Platform Name="Win32">
                        <Operation>0</Operation>
                        <Extensions>.bpl</Extensions>
                    </Platform>
                    <Platform Name="iOSDevice64">
                        <Operation>1</Operation>
                        <Extensions>.dylib</Extensions>
                    </Platform>
                    <Platform Name="OSX32">
                        <RemoteDir>Contents\MacOS</RemoteDir>
                        <Operation>1</Operation>
                        <Extensions>.dylib</Extensions>
                    </Platform>
                    <Platform Name="iOSDevice32">
                        <Operation>1</Operation>
                        <Extensions>.dylib</Extensions>
                    </Platform>
                    <Platform Name="iOSSimulator">
                        <Operation>1</Operation>
                        <Extensions>.dylib</Extensions>
                    </Platform>
                </DeployClass>
                <DeployClass Name="Android_LauncherIcon48">
                    <Platform Name="Android">
                        <RemoteDir>res\drawable-mdpi</RemoteDir>
                        <Operation>1</Operation>
                    </Platform>
                </DeployClass>
                <DeployClass Name="Android_SplashImage960">
                    <Platform Name="Android">
                        <RemoteDir>res\drawable-xlarge</RemoteDir>
                        <Operation>1</Operation>
                    </Platform>
                </DeployClass>
                <DeployClass Name="Android_LauncherIcon36">
                    <Platform Name="Android">
                        <RemoteDir>res\drawable-ldpi</RemoteDir>
                        <Operation>1</Operation>
                    </Platform>
                </DeployClass>
                <DeployClass Name="DependencyModule">
                    <Platform Name="Win32">
                        <Operation>0</Operation>
                        <Extensions>.dll;.bpl</Extensions>
                    </Platform>
                    <Platform Name="iOSDevice64">
                        <Operation>1</Operation>
                        <Extensions>.dylib</Extensions>
                    </Platform>
                    <Platform Name="OSX32">
                        <RemoteDir>Contents\MacOS</RemoteDir>
                        <Operation>1</Operation>
                        <Extensions>.dylib</Extensions>
                    </Platform>
                    <Platform Name="iOSDevice32">
                        <Operation>1</Operation>
                        <Extensions>.dylib</Extensions>
                    </Platform>
                    <Platform Name="iOSSimulator">
                        <Operation>1</Operation>
                        <Extensions>.dylib</Extensions>
                    </Platform>
                </DeployClass>
                <ProjectRoot Platform="iOSDevice64" Name="$(PROJECTNAME).app"/>
                <ProjectRoot Platform="Win64" Name="$(PROJECTNAME)"/>
                <ProjectRoot Platform="iOSDevice32" Name="$(PROJECTNAME).app"/>
                <ProjectRoot Platform="Linux64" Name="$(PROJECTNAME)"/>
                <ProjectRoot Platform="Win32" Name="$(PROJECTNAME)"/>
                <ProjectRoot Platform="OSX32" Name="$(PROJECTNAME).app"/>
                <ProjectRoot Platform="Android" Name="$(PROJECTNAME)"/>
                <ProjectRoot Platform="iOSSimulator" Name="$(PROJECTNAME).app"/>
            </Deployment>
            <ModelSupport>False</ModelSupport>
        </BorlandProject>
        <ProjectFileVersion>12</ProjectFileVersion>
    </ProjectExtensions>
    <Import Project="$(BDS)\Bin\CodeGear.Delphi.Targets" Condition="Exists('$(BDS)\Bin\CodeGear.Delphi.Targets')"/>
    <Import Project="$(APPDATA)\Embarcadero\$(BDSAPPDATABASEDIR)\$(PRODUCTVERSION)\UserTools.proj" Condition="Exists('$(APPDATA)\Embarcadero\$(BDSAPPDATABASEDIR)\$(PRODUCTVERSION)\UserTools.proj')"/>
    <Import Project="$(MSBuildProjectName).deployproj" Condition="Exists('$(MSBuildProjectName).deployproj')"/>
</Project>
